
Microsoft Visual Studio Solution File, Format Version 12.00
# Visual Studio 15
VisualStudioVersion = 15.0.27428.2037
MinimumVisualStudioVersion = 10.0.40219.1
Project("{FAE04EC0-301F-11D3-BF4B-00C04F79EFBC}") = "MainSite", "MainSite\MainSite.csproj", "{7DCDD5E6-031A-4BD1-B83B-CA68CC4D3BED}"
EndProject
Project("{FAE04EC0-301F-11D3-BF4B-00C04F79EFBC}") = "SmsSendProvider", "PhoneConnectorHost\SmsSendProvider.csproj", "{CDADCC80-2031-43D9-B7AF-F74B46AB028B}"
EndProject
Project("{FAE04EC0-301F-11D3-BF4B-00C04F79EFBC}") = "DatesReminder", "DatesReminder\DatesReminder.csproj", "{017499E3-200F-446D-A4ED-7D591A2C4FA1}"
EndProject
Project("{FAE04EC0-301F-11D3-BF4B-00C04F79EFBC}") = "OliNailsService", "OliNailsService\OliNailsService.csproj", "{01AB956D-6F0B-48E6-94A7-8B6BC4000D01}"
EndProject
Project("{FAE04EC0-301F-11D3-BF4B-00C04F79EFBC}") = "OliMaster.Android", "OliMaster\OliMaster.Android\OliMaster.Android.csproj", "{35216B37-5140-455A-8305-9A0749B1E8BF}"
EndProject
Project("{FAE04EC0-301F-11D3-BF4B-00C04F79EFBC}") = "OliMaster.iOS", "OliMaster\OliMaster.iOS\OliMaster.iOS.csproj", "{50C0FC1A-B1BF-4B42-AC3B-4AE6C9D5B6AB}"
EndProject
Project("{D954291E-2A0B-460D-934E-DC6B0785DB48}") = "OliMaster", "OliMaster\OliMaster\OliMaster.shproj", "{C1A9EF09-5842-4F59-83E9-0747DFC4885B}"
EndProject
Global
	GlobalSection(SharedMSBuildProjectFiles) = preSolution
		OliMaster\OliMaster\OliMaster.projitems*{35216b37-5140-455a-8305-9a0749b1e8bf}*SharedItemsImports = 4
		OliMaster\OliMaster\OliMaster.projitems*{50c0fc1a-b1bf-4b42-ac3b-4ae6c9d5b6ab}*SharedItemsImports = 4
		OliMaster\OliMaster\OliMaster.projitems*{c1a9ef09-5842-4f59-83e9-0747dfc4885b}*SharedItemsImports = 13
	EndGlobalSection
	GlobalSection(SolutionConfigurationPlatforms) = preSolution
		Ad-Hoc|Any CPU = Ad-Hoc|Any CPU
		Ad-Hoc|iPhone = Ad-Hoc|iPhone
		Ad-Hoc|iPhoneSimulator = Ad-Hoc|iPhoneSimulator
		AppStore|Any CPU = AppStore|Any CPU
		AppStore|iPhone = AppStore|iPhone
		AppStore|iPhoneSimulator = AppStore|iPhoneSimulator
		Debug|Any CPU = Debug|Any CPU
		Debug|iPhone = Debug|iPhone
		Debug|iPhoneSimulator = Debug|iPhoneSimulator
		Release|Any CPU = Release|Any CPU
		Release|iPhone = Release|iPhone
		Release|iPhoneSimulator = Release|iPhoneSimulator
	EndGlobalSection
	GlobalSection(ProjectConfigurationPlatforms) = postSolution
		{7DCDD5E6-031A-4BD1-B83B-CA68CC4D3BED}.Ad-Hoc|Any CPU.ActiveCfg = Release|Any CPU
		{7DCDD5E6-031A-4BD1-B83B-CA68CC4D3BED}.Ad-Hoc|Any CPU.Build.0 = Release|Any CPU
		{7DCDD5E6-031A-4BD1-B83B-CA68CC4D3BED}.Ad-Hoc|iPhone.ActiveCfg = Release|Any CPU
		{7DCDD5E6-031A-4BD1-B83B-CA68CC4D3BED}.Ad-Hoc|iPhone.Build.0 = Release|Any CPU
		{7DCDD5E6-031A-4BD1-B83B-CA68CC4D3BED}.Ad-Hoc|iPhoneSimulator.ActiveCfg = Release|Any CPU
		{7DCDD5E6-031A-4BD1-B83B-CA68CC4D3BED}.Ad-Hoc|iPhoneSimulator.Build.0 = Release|Any CPU
		{7DCDD5E6-031A-4BD1-B83B-CA68CC4D3BED}.AppStore|Any CPU.ActiveCfg = Release|Any CPU
		{7DCDD5E6-031A-4BD1-B83B-CA68CC4D3BED}.AppStore|Any CPU.Build.0 = Release|Any CPU
		{7DCDD5E6-031A-4BD1-B83B-CA68CC4D3BED}.AppStore|iPhone.ActiveCfg = Release|Any CPU
		{7DCDD5E6-031A-4BD1-B83B-CA68CC4D3BED}.AppStore|iPhone.Build.0 = Release|Any CPU
		{7DCDD5E6-031A-4BD1-B83B-CA68CC4D3BED}.AppStore|iPhoneSimulator.ActiveCfg = Release|Any CPU
		{7DCDD5E6-031A-4BD1-B83B-CA68CC4D3BED}.AppStore|iPhoneSimulator.Build.0 = Release|Any CPU
		{7DCDD5E6-031A-4BD1-B83B-CA68CC4D3BED}.Debug|Any CPU.ActiveCfg = Debug|Any CPU
		{7DCDD5E6-031A-4BD1-B83B-CA68CC4D3BED}.Debug|Any CPU.Build.0 = Debug|Any CPU
		{7DCDD5E6-031A-4BD1-B83B-CA68CC4D3BED}.Debug|iPhone.ActiveCfg = Debug|Any CPU
		{7DCDD5E6-031A-4BD1-B83B-CA68CC4D3BED}.Debug|iPhone.Build.0 = Debug|Any CPU
		{7DCDD5E6-031A-4BD1-B83B-CA68CC4D3BED}.Debug|iPhoneSimulator.ActiveCfg = Debug|Any CPU
		{7DCDD5E6-031A-4BD1-B83B-CA68CC4D3BED}.Debug|iPhoneSimulator.Build.0 = Debug|Any CPU
		{7DCDD5E6-031A-4BD1-B83B-CA68CC4D3BED}.Release|Any CPU.ActiveCfg = Release|Any CPU
		{7DCDD5E6-031A-4BD1-B83B-CA68CC4D3BED}.Release|Any CPU.Build.0 = Release|Any CPU
		{7DCDD5E6-031A-4BD1-B83B-CA68CC4D3BED}.Release|iPhone.ActiveCfg = Release|Any CPU
		{7DCDD5E6-031A-4BD1-B83B-CA68CC4D3BED}.Release|iPhone.Build.0 = Release|Any CPU
		{7DCDD5E6-031A-4BD1-B83B-CA68CC4D3BED}.Release|iPhoneSimulator.ActiveCfg = Release|Any CPU
		{7DCDD5E6-031A-4BD1-B83B-CA68CC4D3BED}.Release|iPhoneSimulator.Build.0 = Release|Any CPU
		{CDADCC80-2031-43D9-B7AF-F74B46AB028B}.Ad-Hoc|Any CPU.ActiveCfg = Release|Any CPU
		{CDADCC80-2031-43D9-B7AF-F74B46AB028B}.Ad-Hoc|Any CPU.Build.0 = Release|Any CPU
		{CDADCC80-2031-43D9-B7AF-F74B46AB028B}.Ad-Hoc|iPhone.ActiveCfg = Release|Any CPU
		{CDADCC80-2031-43D9-B7AF-F74B46AB028B}.Ad-Hoc|iPhone.Build.0 = Release|Any CPU
		{CDADCC80-2031-43D9-B7AF-F74B46AB028B}.Ad-Hoc|iPhoneSimulator.ActiveCfg = Release|Any CPU
		{CDADCC80-2031-43D9-B7AF-F74B46AB028B}.Ad-Hoc|iPhoneSimulator.Build.0 = Release|Any CPU
		{CDADCC80-2031-43D9-B7AF-F74B46AB028B}.AppStore|Any CPU.ActiveCfg = Release|Any CPU
		{CDADCC80-2031-43D9-B7AF-F74B46AB028B}.AppStore|Any CPU.Build.0 = Release|Any CPU
		{CDADCC80-2031-43D9-B7AF-F74B46AB028B}.AppStore|iPhone.ActiveCfg = Release|Any CPU
		{CDADCC80-2031-43D9-B7AF-F74B46AB028B}.AppStore|iPhone.Build.0 = Release|Any CPU
		{CDADCC80-2031-43D9-B7AF-F74B46AB028B}.AppStore|iPhoneSimulator.ActiveCfg = Release|Any CPU
		{CDADCC80-2031-43D9-B7AF-F74B46AB028B}.AppStore|iPhoneSimulator.Build.0 = Release|Any CPU
		{CDADCC80-2031-43D9-B7AF-F74B46AB028B}.Debug|Any CPU.ActiveCfg = Debug|Any CPU
		{CDADCC80-2031-43D9-B7AF-F74B46AB028B}.Debug|Any CPU.Build.0 = Debug|Any CPU
		{CDADCC80-2031-43D9-B7AF-F74B46AB028B}.Debug|iPhone.ActiveCfg = Debug|Any CPU
		{CDADCC80-2031-43D9-B7AF-F74B46AB028B}.Debug|iPhone.Build.0 = Debug|Any CPU
		{CDADCC80-2031-43D9-B7AF-F74B46AB028B}.Debug|iPhoneSimulator.ActiveCfg = Debug|Any CPU
		{CDADCC80-2031-43D9-B7AF-F74B46AB028B}.Debug|iPhoneSimulator.Build.0 = Debug|Any CPU
		{CDADCC80-2031-43D9-B7AF-F74B46AB028B}.Release|Any CPU.ActiveCfg = Release|Any CPU
		{CDADCC80-2031-43D9-B7AF-F74B46AB028B}.Release|Any CPU.Build.0 = Release|Any CPU
		{CDADCC80-2031-43D9-B7AF-F74B46AB028B}.Release|iPhone.ActiveCfg = Release|Any CPU
		{CDADCC80-2031-43D9-B7AF-F74B46AB028B}.Release|iPhone.Build.0 = Release|Any CPU
		{CDADCC80-2031-43D9-B7AF-F74B46AB028B}.Release|iPhoneSimulator.ActiveCfg = Release|Any CPU
		{CDADCC80-2031-43D9-B7AF-F74B46AB028B}.Release|iPhoneSimulator.Build.0 = Release|Any CPU
		{017499E3-200F-446D-A4ED-7D591A2C4FA1}.Ad-Hoc|Any CPU.ActiveCfg = Release|Any CPU
		{017499E3-200F-446D-A4ED-7D591A2C4FA1}.Ad-Hoc|Any CPU.Build.0 = Release|Any CPU
		{017499E3-200F-446D-A4ED-7D591A2C4FA1}.Ad-Hoc|iPhone.ActiveCfg = Release|Any CPU
		{017499E3-200F-446D-A4ED-7D591A2C4FA1}.Ad-Hoc|iPhone.Build.0 = Release|Any CPU
		{017499E3-200F-446D-A4ED-7D591A2C4FA1}.Ad-Hoc|iPhoneSimulator.ActiveCfg = Release|Any CPU
		{017499E3-200F-446D-A4ED-7D591A2C4FA1}.Ad-Hoc|iPhoneSimulator.Build.0 = Release|Any CPU
		{017499E3-200F-446D-A4ED-7D591A2C4FA1}.AppStore|Any CPU.ActiveCfg = Release|Any CPU
		{017499E3-200F-446D-A4ED-7D591A2C4FA1}.AppStore|Any CPU.Build.0 = Release|Any CPU
		{017499E3-200F-446D-A4ED-7D591A2C4FA1}.AppStore|iPhone.ActiveCfg = Release|Any CPU
		{017499E3-200F-446D-A4ED-7D591A2C4FA1}.AppStore|iPhone.Build.0 = Release|Any CPU
		{017499E3-200F-446D-A4ED-7D591A2C4FA1}.AppStore|iPhoneSimulator.ActiveCfg = Release|Any CPU
		{017499E3-200F-446D-A4ED-7D591A2C4FA1}.AppStore|iPhoneSimulator.Build.0 = Release|Any CPU
		{017499E3-200F-446D-A4ED-7D591A2C4FA1}.Debug|Any CPU.ActiveCfg = Debug|Any CPU
		{017499E3-200F-446D-A4ED-7D591A2C4FA1}.Debug|Any CPU.Build.0 = Debug|Any CPU
		{017499E3-200F-446D-A4ED-7D591A2C4FA1}.Debug|iPhone.ActiveCfg = Debug|Any CPU
		{017499E3-200F-446D-A4ED-7D591A2C4FA1}.Debug|iPhone.Build.0 = Debug|Any CPU
		{017499E3-200F-446D-A4ED-7D591A2C4FA1}.Debug|iPhoneSimulator.ActiveCfg = Debug|Any CPU
		{017499E3-200F-446D-A4ED-7D591A2C4FA1}.Debug|iPhoneSimulator.Build.0 = Debug|Any CPU
		{017499E3-200F-446D-A4ED-7D591A2C4FA1}.Release|Any CPU.ActiveCfg = Release|Any CPU
		{017499E3-200F-446D-A4ED-7D591A2C4FA1}.Release|Any CPU.Build.0 = Release|Any CPU
		{017499E3-200F-446D-A4ED-7D591A2C4FA1}.Release|iPhone.ActiveCfg = Release|Any CPU
		{017499E3-200F-446D-A4ED-7D591A2C4FA1}.Release|iPhone.Build.0 = Release|Any CPU
		{017499E3-200F-446D-A4ED-7D591A2C4FA1}.Release|iPhoneSimulator.ActiveCfg = Release|Any CPU
		{017499E3-200F-446D-A4ED-7D591A2C4FA1}.Release|iPhoneSimulator.Build.0 = Release|Any CPU
		{01AB956D-6F0B-48E6-94A7-8B6BC4000D01}.Ad-Hoc|Any CPU.ActiveCfg = Release|Any CPU
		{01AB956D-6F0B-48E6-94A7-8B6BC4000D01}.Ad-Hoc|Any CPU.Build.0 = Release|Any CPU
		{01AB956D-6F0B-48E6-94A7-8B6BC4000D01}.Ad-Hoc|iPhone.ActiveCfg = Release|Any CPU
		{01AB956D-6F0B-48E6-94A7-8B6BC4000D01}.Ad-Hoc|iPhone.Build.0 = Release|Any CPU
		{01AB956D-6F0B-48E6-94A7-8B6BC4000D01}.Ad-Hoc|iPhoneSimulator.ActiveCfg = Release|Any CPU
		{01AB956D-6F0B-48E6-94A7-8B6BC4000D01}.Ad-Hoc|iPhoneSimulator.Build.0 = Release|Any CPU
		{01AB956D-6F0B-48E6-94A7-8B6BC4000D01}.AppStore|Any CPU.ActiveCfg = Release|Any CPU
		{01AB956D-6F0B-48E6-94A7-8B6BC4000D01}.AppStore|Any CPU.Build.0 = Release|Any CPU
		{01AB956D-6F0B-48E6-94A7-8B6BC4000D01}.AppStore|iPhone.ActiveCfg = Release|Any CPU
		{01AB956D-6F0B-48E6-94A7-8B6BC4000D01}.AppStore|iPhone.Build.0 = Release|Any CPU
		{01AB956D-6F0B-48E6-94A7-8B6BC4000D01}.AppStore|iPhoneSimulator.ActiveCfg = Release|Any CPU
		{01AB956D-6F0B-48E6-94A7-8B6BC4000D01}.AppStore|iPhoneSimulator.Build.0 = Release|Any CPU
		{01AB956D-6F0B-48E6-94A7-8B6BC4000D01}.Debug|Any CPU.ActiveCfg = Debug|Any CPU
		{01AB956D-6F0B-48E6-94A7-8B6BC4000D01}.Debug|Any CPU.Build.0 = Debug|Any CPU
		{01AB956D-6F0B-48E6-94A7-8B6BC4000D01}.Debug|iPhone.ActiveCfg = Debug|Any CPU
		{01AB956D-6F0B-48E6-94A7-8B6BC4000D01}.Debug|iPhone.Build.0 = Debug|Any CPU
		{01AB956D-6F0B-48E6-94A7-8B6BC4000D01}.Debug|iPhoneSimulator.ActiveCfg = Debug|Any CPU
		{01AB956D-6F0B-48E6-94A7-8B6BC4000D01}.Debug|iPhoneSimulator.Build.0 = Debug|Any CPU
		{01AB956D-6F0B-48E6-94A7-8B6BC4000D01}.Release|Any CPU.ActiveCfg = Release|Any CPU
		{01AB956D-6F0B-48E6-94A7-8B6BC4000D01}.Release|Any CPU.Build.0 = Release|Any CPU
		{01AB956D-6F0B-48E6-94A7-8B6BC4000D01}.Release|iPhone.ActiveCfg = Release|Any CPU
		{01AB956D-6F0B-48E6-94A7-8B6BC4000D01}.Release|iPhone.Build.0 = Release|Any CPU
		{01AB956D-6F0B-48E6-94A7-8B6BC4000D01}.Release|iPhoneSimulator.ActiveCfg = Release|Any CPU
		{01AB956D-6F0B-48E6-94A7-8B6BC4000D01}.Release|iPhoneSimulator.Build.0 = Release|Any CPU
		{35216B37-5140-455A-8305-9A0749B1E8BF}.Ad-Hoc|Any CPU.ActiveCfg = Release|Any CPU
		{35216B37-5140-455A-8305-9A0749B1E8BF}.Ad-Hoc|Any CPU.Build.0 = Release|Any CPU
		{35216B37-5140-455A-8305-9A0749B1E8BF}.Ad-Hoc|Any CPU.Deploy.0 = Release|Any CPU
		{35216B37-5140-455A-8305-9A0749B1E8BF}.Ad-Hoc|iPhone.ActiveCfg = Release|Any CPU
		{35216B37-5140-455A-8305-9A0749B1E8BF}.Ad-Hoc|iPhone.Build.0 = Release|Any CPU
		{35216B37-5140-455A-8305-9A0749B1E8BF}.Ad-Hoc|iPhone.Deploy.0 = Release|Any CPU
		{35216B37-5140-455A-8305-9A0749B1E8BF}.Ad-Hoc|iPhoneSimulator.ActiveCfg = Release|Any CPU
		{35216B37-5140-455A-8305-9A0749B1E8BF}.Ad-Hoc|iPhoneSimulator.Build.0 = Release|Any CPU
		{35216B37-5140-455A-8305-9A0749B1E8BF}.Ad-Hoc|iPhoneSimulator.Deploy.0 = Release|Any CPU
		{35216B37-5140-455A-8305-9A0749B1E8BF}.AppStore|Any CPU.ActiveCfg = Release|Any CPU
		{35216B37-5140-455A-8305-9A0749B1E8BF}.AppStore|Any CPU.Build.0 = Release|Any CPU
		{35216B37-5140-455A-8305-9A0749B1E8BF}.AppStore|Any CPU.Deploy.0 = Release|Any CPU
		{35216B37-5140-455A-8305-9A0749B1E8BF}.AppStore|iPhone.ActiveCfg = Release|Any CPU
		{35216B37-5140-455A-8305-9A0749B1E8BF}.AppStore|iPhone.Build.0 = Release|Any CPU
		{35216B37-5140-455A-8305-9A0749B1E8BF}.AppStore|iPhone.Deploy.0 = Release|Any CPU
		{35216B37-5140-455A-8305-9A0749B1E8BF}.AppStore|iPhoneSimulator.ActiveCfg = Release|Any CPU
		{35216B37-5140-455A-8305-9A0749B1E8BF}.AppStore|iPhoneSimulator.Build.0 = Release|Any CPU
		{35216B37-5140-455A-8305-9A0749B1E8BF}.AppStore|iPhoneSimulator.Deploy.0 = Release|Any CPU
		{35216B37-5140-455A-8305-9A0749B1E8BF}.Debug|Any CPU.ActiveCfg = Debug|Any CPU
		{35216B37-5140-455A-8305-9A0749B1E8BF}.Debug|Any CPU.Build.0 = Debug|Any CPU
		{35216B37-5140-455A-8305-9A0749B1E8BF}.Debug|Any CPU.Deploy.0 = Debug|Any CPU
		{35216B37-5140-455A-8305-9A0749B1E8BF}.Debug|iPhone.ActiveCfg = Debug|Any CPU
		{35216B37-5140-455A-8305-9A0749B1E8BF}.Debug|iPhone.Build.0 = Debug|Any CPU
		{35216B37-5140-455A-8305-9A0749B1E8BF}.Debug|iPhone.Deploy.0 = Debug|Any CPU
		{35216B37-5140-455A-8305-9A0749B1E8BF}.Debug|iPhoneSimulator.ActiveCfg = Debug|Any CPU
		{35216B37-5140-455A-8305-9A0749B1E8BF}.Debug|iPhoneSimulator.Build.0 = Debug|Any CPU
		{35216B37-5140-455A-8305-9A0749B1E8BF}.Debug|iPhoneSimulator.Deploy.0 = Debug|Any CPU
		{35216B37-5140-455A-8305-9A0749B1E8BF}.Release|Any CPU.ActiveCfg = Release|Any CPU
		{35216B37-5140-455A-8305-9A0749B1E8BF}.Release|Any CPU.Build.0 = Release|Any CPU
		{35216B37-5140-455A-8305-9A0749B1E8BF}.Release|Any CPU.Deploy.0 = Release|Any CPU
		{35216B37-5140-455A-8305-9A0749B1E8BF}.Release|iPhone.ActiveCfg = Release|Any CPU
		{35216B37-5140-455A-8305-9A0749B1E8BF}.Release|iPhone.Build.0 = Release|Any CPU
		{35216B37-5140-455A-8305-9A0749B1E8BF}.Release|iPhone.Deploy.0 = Release|Any CPU
		{35216B37-5140-455A-8305-9A0749B1E8BF}.Release|iPhoneSimulator.ActiveCfg = Release|Any CPU
		{35216B37-5140-455A-8305-9A0749B1E8BF}.Release|iPhoneSimulator.Build.0 = Release|Any CPU
		{35216B37-5140-455A-8305-9A0749B1E8BF}.Release|iPhoneSimulator.Deploy.0 = Release|Any CPU
		{50C0FC1A-B1BF-4B42-AC3B-4AE6C9D5B6AB}.Ad-Hoc|Any CPU.ActiveCfg = Ad-Hoc|iPhone
		{50C0FC1A-B1BF-4B42-AC3B-4AE6C9D5B6AB}.Ad-Hoc|iPhone.ActiveCfg = Ad-Hoc|iPhone
		{50C0FC1A-B1BF-4B42-AC3B-4AE6C9D5B6AB}.Ad-Hoc|iPhone.Build.0 = Ad-Hoc|iPhone
		{50C0FC1A-B1BF-4B42-AC3B-4AE6C9D5B6AB}.Ad-Hoc|iPhoneSimulator.ActiveCfg = Ad-Hoc|iPhoneSimulator
		{50C0FC1A-B1BF-4B42-AC3B-4AE6C9D5B6AB}.Ad-Hoc|iPhoneSimulator.Build.0 = Ad-Hoc|iPhoneSimulator
		{50C0FC1A-B1BF-4B42-AC3B-4AE6C9D5B6AB}.AppStore|Any CPU.ActiveCfg = AppStore|iPhone
		{50C0FC1A-B1BF-4B42-AC3B-4AE6C9D5B6AB}.AppStore|iPhone.ActiveCfg = AppStore|iPhone
		{50C0FC1A-B1BF-4B42-AC3B-4AE6C9D5B6AB}.AppStore|iPhone.Build.0 = AppStore|iPhone
		{50C0FC1A-B1BF-4B42-AC3B-4AE6C9D5B6AB}.AppStore|iPhoneSimulator.ActiveCfg = AppStore|iPhoneSimulator
		{50C0FC1A-B1BF-4B42-AC3B-4AE6C9D5B6AB}.AppStore|iPhoneSimulator.Build.0 = AppStore|iPhoneSimulator
		{50C0FC1A-B1BF-4B42-AC3B-4AE6C9D5B6AB}.Debug|Any CPU.ActiveCfg = Debug|iPhone
		{50C0FC1A-B1BF-4B42-AC3B-4AE6C9D5B6AB}.Debug|iPhone.ActiveCfg = Debug|iPhone
		{50C0FC1A-B1BF-4B42-AC3B-4AE6C9D5B6AB}.Debug|iPhone.Build.0 = Debug|iPhone
		{50C0FC1A-B1BF-4B42-AC3B-4AE6C9D5B6AB}.Debug|iPhoneSimulator.ActiveCfg = Debug|iPhoneSimulator
		{50C0FC1A-B1BF-4B42-AC3B-4AE6C9D5B6AB}.Debug|iPhoneSimulator.Build.0 = Debug|iPhoneSimulator
		{50C0FC1A-B1BF-4B42-AC3B-4AE6C9D5B6AB}.Release|Any CPU.ActiveCfg = Release|iPhone
		{50C0FC1A-B1BF-4B42-AC3B-4AE6C9D5B6AB}.Release|iPhone.ActiveCfg = Release|iPhone
		{50C0FC1A-B1BF-4B42-AC3B-4AE6C9D5B6AB}.Release|iPhone.Build.0 = Release|iPhone
		{50C0FC1A-B1BF-4B42-AC3B-4AE6C9D5B6AB}.Release|iPhoneSimulator.ActiveCfg = Release|iPhoneSimulator
		{50C0FC1A-B1BF-4B42-AC3B-4AE6C9D5B6AB}.Release|iPhoneSimulator.Build.0 = Release|iPhoneSimulator
	EndGlobalSection
	GlobalSection(SolutionProperties) = preSolution
		HideSolutionNode = FALSE
	EndGlobalSection
	GlobalSection(ExtensibilityGlobals) = postSolution
		SolutionGuid = {12B87705-582F-4FB5-9A5A-1F375CA39F80}
	EndGlobalSection
EndGlobal
